github.com/go-logr/logr v0.1.0 h1:M1Tv3VzNlEHg6uyACnRdtrploV2P7wZqH8BoQMtz0cg=
github.com/go-logr/logr v0.1.0/go.mod h1:ixOQHD9gLJUVQQ2ZOR7zLEifBX6tGkNJF4QyIY7sIas=
github.com/go-logr/stdr v0.0.0-20190808155957-db4f46c40425 h1:ZFZxbJwJtEQSYhLAgDHTkSzYX7ya30gsDAeKMJ9eUB8=
github.com/go-logr/stdr v0.0.0-20190808155957-db4f46c40425/go.mod h1:NO1vneyJDqKVgJYnxhwXWWmQPOvNM391IG3H8ql3jiA=
github.com/lor00x/goldap v0.0.0-20180618054307-a546dffdd1a3 h1:wIONC+HMNRqmWBjuMxhatuSzHaljStc4gjDeKycxy0A=
github.com/lor00x/goldap v0.0.0-20180618054307-a546dffdd1a3/go.mod h1:37YR9jabpiIxsb8X9VCIx8qFOjTDIIrIHHODa8C4gz0=
